
Microsoft Visual Studio Solution File, Format Version 11.00
# Visual C++ Express 2010
Project("{8BC9CEB8-8B4A-11D0-8D11-00A0C91BC942}") = "AnalogClock", "AnalogClock.vcxproj", "{42C4AA5E-F4E6-49C9-8A23-1781CA445262}"
EndProject
Global
	GlobalSection(SolutionConfigurationPlatforms) = preSolution
		Debug|Win32 = Debug|Win32
		Release|Win32 = Release|Win32
	EndGlobalSection
	GlobalSection(ProjectConfigurationPlatforms) = postSolution
		{42C4AA5E-F4E6-49C9-8A23-1781CA445262}.Debug|Win32.ActiveCfg = Debug|Win32
		{42C4AA5E-F4E6-49C9-8A23-1781CA445262}.Debug|Win32.Build.0 = Debug|Win32
		{42C4AA5E-F4E6-49C9-8A23-1781CA445262}.Release|Win32.ActiveCfg = Release|Win32
		{42C4AA5E-F4E6-49C9-8A23-1781CA445262}.Release|Win32.Build.0 = Release|Win32
	EndGlobalSection
	GlobalSection(SolutionProperties) = preSolution
		HideSolutionNode = FALSE
	EndGlobalSection
EndGlobal
